
Microsoft Visual Studio Solution File, Format Version 12.00
# Visual Studio Version 16
VisualStudioVersion = 16.0.31605.320
MinimumVisualStudioVersion = 10.0.40219.1
Project("{FAE04EC0-301F-11D3-BF4B-00C04F79EFBC}") = "NeuralNetwork", "NeuralNetwork.csproj", "{B01D266B-659F-425A-ABB2-2F930DD6D53D}"
EndProject
Global
	GlobalSection(SolutionConfigurationPlatforms) = preSolution
		Debug|Any CPU = Debug|Any CPU
		Release|Any CPU = Release|Any CPU
	EndGlobalSection
	GlobalSection(ProjectConfigurationPlatforms) = postSolution
		{B01D266B-659F-425A-ABB2-2F930DD6D53D}.Debug|Any CPU.ActiveCfg = Debug|Any CPU
		{B01D266B-659F-425A-ABB2-2F930DD6D53D}.Debug|Any CPU.Build.0 = Debug|Any CPU
		{B01D266B-659F-425A-ABB2-2F930DD6D53D}.Release|Any CPU.ActiveCfg = Release|Any CPU
		{B01D266B-659F-425A-ABB2-2F930DD6D53D}.Release|Any CPU.Build.0 = Release|Any CPU
	EndGlobalSection
	GlobalSection(SolutionProperties) = preSolution
		HideSolutionNode = FALSE
	EndGlobalSection
	GlobalSection(ExtensibilityGlobals) = postSolution
		SolutionGuid = {D7C5F4C3-3FD0-446C-985A-67ACD4A6DE16}
	EndGlobalSection
EndGlobal
